
Microsoft Visual Studio Solution File, Format Version 12.00
# Visual Studio Version 17
VisualStudioVersion = 17.2.32526.322
MinimumVisualStudioVersion = 10.0.40219.1
Project("{FAE04EC0-301F-11D3-BF4B-00C04F79EFBC}") = "MicroPlayer", "MicroPlayer\MicroPlayer.csproj", "{A248227A-E135-4CC7-830F-D85220E0B542}"
EndProject
Global
	GlobalSection(SolutionConfigurationPlatforms) = preSolution
		Debug|Any CPU = Debug|Any CPU
		Release|Any CPU = Release|Any CPU
	EndGlobalSection
	GlobalSection(ProjectConfigurationPlatforms) = postSolution
		{A248227A-E135-4CC7-830F-D85220E0B542}.Debug|Any CPU.ActiveCfg = Debug|Any CPU
		{A248227A-E135-4CC7-830F-D85220E0B542}.Debug|Any CPU.Build.0 = Debug|Any CPU
		{A248227A-E135-4CC7-830F-D85220E0B542}.Release|Any CPU.ActiveCfg = Release|Any CPU
		{A248227A-E135-4CC7-830F-D85220E0B542}.Release|Any CPU.Build.0 = Release|Any CPU
	EndGlobalSection
	GlobalSection(SolutionProperties) = preSolution
		HideSolutionNode = FALSE
	EndGlobalSection
	GlobalSection(ExtensibilityGlobals) = postSolution
		SolutionGuid = {84FC2984-BF41-4398-8766-937A15F37D70}
	EndGlobalSection
EndGlobal
